
Microsoft Visual Studio Solution File, Format Version 12.00
# Visual Studio Version 16
VisualStudioVersion = 16.0.29009.5
MinimumVisualStudioVersion = 10.0.40219.1
Project("{FAE04EC0-301F-11D3-BF4B-00C04F79EFBC}") = "G3WebERPApi", "G3WebERPApi\G3WebERPApi.csproj", "{14766C48-D32C-4394-A4EB-6DA027A45FD9}"
EndProject
Project("{FAE04EC0-301F-11D3-BF4B-00C04F79EFBC}") = "G3WebApiCore", "G3WebApiCore\G3WebApiCore.csproj", "{B48BED4A-9269-4050-A626-A76A19CEFE05}"
EndProject
Global
	GlobalSection(SolutionConfigurationPlatforms) = preSolution
		Debug|Any CPU = Debug|Any CPU
		Release|Any CPU = Release|Any CPU
	EndGlobalSection
	GlobalSection(ProjectConfigurationPlatforms) = postSolution
		{14766C48-D32C-4394-A4EB-6DA027A45FD9}.Debug|Any CPU.ActiveCfg = Debug|Any CPU
		{14766C48-D32C-4394-A4EB-6DA027A45FD9}.Debug|Any CPU.Build.0 = Debug|Any CPU
		{14766C48-D32C-4394-A4EB-6DA027A45FD9}.Release|Any CPU.ActiveCfg = Release|Any CPU
		{14766C48-D32C-4394-A4EB-6DA027A45FD9}.Release|Any CPU.Build.0 = Release|Any CPU
		{B48BED4A-9269-4050-A626-A76A19CEFE05}.Debug|Any CPU.ActiveCfg = Debug|Any CPU
		{B48BED4A-9269-4050-A626-A76A19CEFE05}.Debug|Any CPU.Build.0 = Debug|Any CPU
		{B48BED4A-9269-4050-A626-A76A19CEFE05}.Release|Any CPU.ActiveCfg = Release|Any CPU
		{B48BED4A-9269-4050-A626-A76A19CEFE05}.Release|Any CPU.Build.0 = Release|Any CPU
	EndGlobalSection
	GlobalSection(SolutionProperties) = preSolution
		HideSolutionNode = FALSE
	EndGlobalSection
	GlobalSection(ExtensibilityGlobals) = postSolution
		SolutionGuid = {2E05C0A6-C435-4562-B776-32CA8D02A26B}
	EndGlobalSection
EndGlobal
